
Microsoft Visual Studio Solution File, Format Version 12.00
# Visual Studio 15
VisualStudioVersion = 15.0.28307.1022
MinimumVisualStudioVersion = 10.0.40219.1
Project("{FAE04EC0-301F-11D3-BF4B-00C04F79EFBC}") = "Sorting", "Sorting\Sorting.csproj", "{EB4403BD-CB81-4E15-ABD0-8EF4F6C03B80}"
EndProject
Global
	GlobalSection(SolutionConfigurationPlatforms) = preSolution
		Debug|Any CPU = Debug|Any CPU
		Release|Any CPU = Release|Any CPU
	EndGlobalSection
	GlobalSection(ProjectConfigurationPlatforms) = postSolution
		{EB4403BD-CB81-4E15-ABD0-8EF4F6C03B80}.Debug|Any CPU.ActiveCfg = Debug|Any CPU
		{EB4403BD-CB81-4E15-ABD0-8EF4F6C03B80}.Debug|Any CPU.Build.0 = Debug|Any CPU
		{EB4403BD-CB81-4E15-ABD0-8EF4F6C03B80}.Release|Any CPU.ActiveCfg = Release|Any CPU
		{EB4403BD-CB81-4E15-ABD0-8EF4F6C03B80}.Release|Any CPU.Build.0 = Release|Any CPU
	EndGlobalSection
	GlobalSection(SolutionProperties) = preSolution
		HideSolutionNode = FALSE
	EndGlobalSection
	GlobalSection(ExtensibilityGlobals) = postSolution
		SolutionGuid = {78457797-F84C-4368-B7CF-A36CC17AE491}
	EndGlobalSection
EndGlobal
